lockfileVersion: '6.0'

settings:
  autoInstallPeers: true
  excludeLinksFromLockfile: false

dependencies:
  '@splidejs/splide':
    specifier: ^4.1.4
    version: 4.1.4

packages:

  /@splidejs/splide@4.1.4:
    resolution: {integrity: sha512-5I30evTJcAJQXt6vJ26g2xEkG+l1nXcpEw4xpKh0/FWQ8ozmAeTbtniVtVmz2sH1Es3vgfC4SS8B2X4o5JMptA==}
    dev: false
